
Microsoft Visual Studio Solution File, Format Version 12.00
# Visual Studio 15
VisualStudioVersion = 15.0.28307.168
MinimumVisualStudioVersion = 10.0.40219.1
Project("{FAE04EC0-301F-11D3-BF4B-00C04F79EFBC}") = "SpecApp", "SpecApp\SpecApp.csproj", "{CE0A8831-7714-4208-8663-0182C1E960A8}"
EndProject
Project("{FAE04EC0-301F-11D3-BF4B-00C04F79EFBC}") = "PetzoldVectorDrawing", "PetzoldVectorDrawing\PetzoldVectorDrawing.csproj", "{3BC7B0C6-BDE5-4ABC-BE00-E7441E39A4AE}"
EndProject
Global
	GlobalSection(SolutionConfigurationPlatforms) = preSolution
		Debug|Any CPU = Debug|Any CPU
		Debug|ARM = Debug|ARM
		Debug|ARM64 = Debug|ARM64
		Debug|x64 = Debug|x64
		Debug|x86 = Debug|x86
		Release|Any CPU = Release|Any CPU
		Release|ARM = Release|ARM
		Release|ARM64 = Release|ARM64
		Release|x64 = Release|x64
		Release|x86 = Release|x86
	EndGlobalSection
	GlobalSection(ProjectConfigurationPlatforms) = postSolution
		{CE0A8831-7714-4208-8663-0182C1E960A8}.Debug|Any CPU.ActiveCfg = Debug|x86
		{CE0A8831-7714-4208-8663-0182C1E960A8}.Debug|ARM.ActiveCfg = Debug|ARM
		{CE0A8831-7714-4208-8663-0182C1E960A8}.Debug|ARM.Build.0 = Debug|ARM
		{CE0A8831-7714-4208-8663-0182C1E960A8}.Debug|ARM.Deploy.0 = Debug|ARM
		{CE0A8831-7714-4208-8663-0182C1E960A8}.Debug|ARM64.ActiveCfg = Debug|ARM64
		{CE0A8831-7714-4208-8663-0182C1E960A8}.Debug|ARM64.Build.0 = Debug|ARM64
		{CE0A8831-7714-4208-8663-0182C1E960A8}.Debug|ARM64.Deploy.0 = Debug|ARM64
		{CE0A8831-7714-4208-8663-0182C1E960A8}.Debug|x64.ActiveCfg = Debug|x64
		{CE0A8831-7714-4208-8663-0182C1E960A8}.Debug|x64.Build.0 = Debug|x64
		{CE0A8831-7714-4208-8663-0182C1E960A8}.Debug|x64.Deploy.0 = Debug|x64
		{CE0A8831-7714-4208-8663-0182C1E960A8}.Debug|x86.ActiveCfg = Debug|x86
		{CE0A8831-7714-4208-8663-0182C1E960A8}.Debug|x86.Build.0 = Debug|x86
		{CE0A8831-7714-4208-8663-0182C1E960A8}.Debug|x86.Deploy.0 = Debug|x86
		{CE0A8831-7714-4208-8663-0182C1E960A8}.Release|Any CPU.ActiveCfg = Release|x86
		{CE0A8831-7714-4208-8663-0182C1E960A8}.Release|ARM.ActiveCfg = Release|ARM
		{CE0A8831-7714-4208-8663-0182C1E960A8}.Release|ARM.Build.0 = Release|ARM
		{CE0A8831-7714-4208-8663-0182C1E960A8}.Release|ARM.Deploy.0 = Release|ARM
		{CE0A8831-7714-4208-8663-0182C1E960A8}.Release|ARM64.ActiveCfg = Release|ARM64
		{CE0A8831-7714-4208-8663-0182C1E960A8}.Release|ARM64.Build.0 = Release|ARM64
		{CE0A8831-7714-4208-8663-0182C1E960A8}.Release|ARM64.Deploy.0 = Release|ARM64
		{CE0A8831-7714-4208-8663-0182C1E960A8}.Release|x64.ActiveCfg = Release|x64
		{CE0A8831-7714-4208-8663-0182C1E960A8}.Release|x64.Build.0 = Release|x64
		{CE0A8831-7714-4208-8663-0182C1E960A8}.Release|x64.Deploy.0 = Release|x64
		{CE0A8831-7714-4208-8663-0182C1E960A8}.Release|x86.ActiveCfg = Release|x86
		{CE0A8831-7714-4208-8663-0182C1E960A8}.Release|x86.Build.0 = Release|x86
		{CE0A8831-7714-4208-8663-0182C1E960A8}.Release|x86.Deploy.0 = Release|x86
		{3BC7B0C6-BDE5-4ABC-BE00-E7441E39A4AE}.Debug|Any CPU.ActiveCfg = Debug|Any CPU
		{3BC7B0C6-BDE5-4ABC-BE00-E7441E39A4AE}.Debug|Any CPU.Build.0 = Debug|Any CPU
		{3BC7B0C6-BDE5-4ABC-BE00-E7441E39A4AE}.Debug|ARM.ActiveCfg = Debug|ARM
		{3BC7B0C6-BDE5-4ABC-BE00-E7441E39A4AE}.Debug|ARM.Build.0 = Debug|ARM
		{3BC7B0C6-BDE5-4ABC-BE00-E7441E39A4AE}.Debug|ARM64.ActiveCfg = Debug|ARM64
		{3BC7B0C6-BDE5-4ABC-BE00-E7441E39A4AE}.Debug|ARM64.Build.0 = Debug|ARM64
		{3BC7B0C6-BDE5-4ABC-BE00-E7441E39A4AE}.Debug|x64.ActiveCfg = Debug|x64
		{3BC7B0C6-BDE5-4ABC-BE00-E7441E39A4AE}.Debug|x64.Build.0 = Debug|x64
		{3BC7B0C6-BDE5-4ABC-BE00-E7441E39A4AE}.Debug|x86.ActiveCfg = Debug|x86
		{3BC7B0C6-BDE5-4ABC-BE00-E7441E39A4AE}.Debug|x86.Build.0 = Debug|x86
		{3BC7B0C6-BDE5-4ABC-BE00-E7441E39A4AE}.Release|Any CPU.ActiveCfg = Release|Any CPU
		{3BC7B0C6-BDE5-4ABC-BE00-E7441E39A4AE}.Release|Any CPU.Build.0 = Release|Any CPU
		{3BC7B0C6-BDE5-4ABC-BE00-E7441E39A4AE}.Release|ARM.ActiveCfg = Release|ARM
		{3BC7B0C6-BDE5-4ABC-BE00-E7441E39A4AE}.Release|ARM.Build.0 = Release|ARM
		{3BC7B0C6-BDE5-4ABC-BE00-E7441E39A4AE}.Release|ARM64.ActiveCfg = Release|ARM64
		{3BC7B0C6-BDE5-4ABC-BE00-E7441E39A4AE}.Release|ARM64.Build.0 = Release|ARM64
		{3BC7B0C6-BDE5-4ABC-BE00-E7441E39A4AE}.Release|x64.ActiveCfg = Release|x64
		{3BC7B0C6-BDE5-4ABC-BE00-E7441E39A4AE}.Release|x64.Build.0 = Release|x64
		{3BC7B0C6-BDE5-4ABC-BE00-E7441E39A4AE}.Release|x86.ActiveCfg = Release|x86
		{3BC7B0C6-BDE5-4ABC-BE00-E7441E39A4AE}.Release|x86.Build.0 = Release|x86
	EndGlobalSection
	GlobalSection(SolutionProperties) = preSolution
		HideSolutionNode = FALSE
	EndGlobalSection
	GlobalSection(ExtensibilityGlobals) = postSolution
		SolutionGuid = {D942E912-520E-47B0-BCFF-9CF7B0A61C6B}
	EndGlobalSection
EndGlobal
